
Microsoft Visual Studio Solution File, Format Version 12.00
# Visual Studio Version 16
VisualStudioVersion = 16.0.33328.57
MinimumVisualStudioVersion = 10.0.40219.1
Project("{FAE04EC0-301F-11D3-BF4B-00C04F79EFBC}") = "Krunal_Dhote_Task3", "Krunal_Dhote_Task3\Krunal_Dhote_Task3.csproj", "{968A1BBE-21F7-46C7-902C-A1F50E0CE6A0}"
EndProject
Project("{FAE04EC0-301F-11D3-BF4B-00C04F79EFBC}") = "MVCDB", "MVCDB\MVCDB.csproj", "{45CD4032-4438-4DE9-B91E-182B3A83F97B}"
EndProject
Project("{FAE04EC0-301F-11D3-BF4B-00C04F79EFBC}") = "MyModals", "MyModals\MyModals.csproj", "{DAEC7EAD-9685-4EA5-B264-2FF8B4384D56}"
EndProject
Global
	GlobalSection(SolutionConfigurationPlatforms) = preSolution
		Debug|Any CPU = Debug|Any CPU
		Release|Any CPU = Release|Any CPU
	EndGlobalSection
	GlobalSection(ProjectConfigurationPlatforms) = postSolution
		{968A1BBE-21F7-46C7-902C-A1F50E0CE6A0}.Debug|Any CPU.ActiveCfg = Debug|Any CPU
		{968A1BBE-21F7-46C7-902C-A1F50E0CE6A0}.Debug|Any CPU.Build.0 = Debug|Any CPU
		{968A1BBE-21F7-46C7-902C-A1F50E0CE6A0}.Release|Any CPU.ActiveCfg = Release|Any CPU
		{968A1BBE-21F7-46C7-902C-A1F50E0CE6A0}.Release|Any CPU.Build.0 = Release|Any CPU
		{45CD4032-4438-4DE9-B91E-182B3A83F97B}.Debug|Any CPU.ActiveCfg = Debug|Any CPU
		{45CD4032-4438-4DE9-B91E-182B3A83F97B}.Debug|Any CPU.Build.0 = Debug|Any CPU
		{45CD4032-4438-4DE9-B91E-182B3A83F97B}.Release|Any CPU.ActiveCfg = Release|Any CPU
		{45CD4032-4438-4DE9-B91E-182B3A83F97B}.Release|Any CPU.Build.0 = Release|Any CPU
		{DAEC7EAD-9685-4EA5-B264-2FF8B4384D56}.Debug|Any CPU.ActiveCfg = Debug|Any CPU
		{DAEC7EAD-9685-4EA5-B264-2FF8B4384D56}.Debug|Any CPU.Build.0 = Debug|Any CPU
		{DAEC7EAD-9685-4EA5-B264-2FF8B4384D56}.Release|Any CPU.ActiveCfg = Release|Any CPU
		{DAEC7EAD-9685-4EA5-B264-2FF8B4384D56}.Release|Any CPU.Build.0 = Release|Any CPU
	EndGlobalSection
	GlobalSection(SolutionProperties) = preSolution
		HideSolutionNode = FALSE
	EndGlobalSection
	GlobalSection(ExtensibilityGlobals) = postSolution
		SolutionGuid = {99C89A89-B5C4-4156-AF45-9BF0475D8B59}
	EndGlobalSection
EndGlobal
